{
  "name": "@heliasar/cua-node-production",
  "version": "0.1.0",
  "lockfileVersion": 3,
  "requires": true,
  "packages": {
    "": {
      "name": "@heliasar/cua-node-production",
      "version": "0.1.0",
      "dependencies": {
        "@heliasar/sky-cua": "file:../../../vendor/cua-node-cache/@heliasar-sky-cua-0.1.0.tgz",
        "@img/sharp-libvips-linux-x64": "1.2.4",
        "@img/sharp-linux-x64": "0.34.5",
        "@napi-rs/canvas": "0.1.91",
        "@napi-rs/canvas-linux-x64-gnu": "0.1.91",
        "pdfjs-dist": "5.4.624",
        "pixelmatch": "7.1.0",
        "playwright": "1.57.0",
        "playwright-core": "1.57.0",
        "sharp": "0.34.5",
        "tesseract.js": "7.0.0",
        "tesseract.js-core": "7.0.0"
      },
      "engines": {
        "node": "24.14.0"
      }
    },
    "node_modules/pdfjs-dist": {
      "version": "5.4.624",
      "resolved": "https://registry.npmjs.org/pdfjs-dist/-/pdfjs-dist-5.4.624.tgz",
      "integrity": "sha512-sm6TxKTtWv1Oh6n3C6J6a8odejb5uO4A4zo/2dgkHuC0iu8ZMAXOezEODkVaoVp8nX1Xzr+0WxFJJmUr45hQzg==",
      "license": "Apache-2.0"
    },
    "node_modules/pixelmatch": {
      "version": "7.1.0",
      "resolved": "https://registry.npmjs.org/pixelmatch/-/pixelmatch-7.1.0.tgz",
      "integrity": "sha512-1wrVzJ2STrpmONHKBy228LM1b84msXDUoAzVEl0R8Mz4Ce6EPr+IVtxm8+yvrqLYMHswREkjYFaMxnyGnaY3Ng==",
      "license": "ISC"
    },
    "node_modules/playwright": {
      "version": "1.57.0",
      "resolved": "https://registry.npmjs.org/playwright/-/playwright-1.57.0.tgz",
      "integrity": "sha512-ilYQj1s8sr2ppEJ2YVadYBN0Mb3mdo9J0wQ+UuDhzYqURwSoW4n1Xs5vs7ORwgDGmyEh33tRMeS8KhdkMoLXQw==",
      "dependencies": {
        "playwright-core": "1.57.0"
      },
      "license": "Apache-2.0"
    },
    "node_modules/playwright-core": {
      "version": "1.57.0",
      "resolved": "https://registry.npmjs.org/playwright-core/-/playwright-core-1.57.0.tgz",
      "integrity": "sha512-agTcKlMw/mjBWOnD6kFZttAAGHgi/Nw0CZ2o6JqWSbMlI219lAFLZZCyqByTsvVAJq5XA5H8cA6PrvBRpBWEuQ==",
      "license": "Apache-2.0"
    },
    "node_modules/sharp": {
      "version": "0.34.5",
      "resolved": "https://registry.npmjs.org/sharp/-/sharp-0.34.5.tgz",
      "integrity": "sha512-Ou9I5Ft9WNcCbXrU9cMgPBcCK8LiwLqcbywW3t4oDV37n1pzpuNLsYiAV8eODnjbtQlSDwZ2cUEeQz4E54Hltg==",
      "license": "Apache-2.0",
      "optionalDependencies": {
        "@img/sharp-libvips-linux-x64": "1.2.4",
        "@img/sharp-linux-x64": "0.34.5"
      }
    },
    "node_modules/tesseract.js": {
      "version": "7.0.0",
      "resolved": "https://registry.npmjs.org/tesseract.js/-/tesseract.js-7.0.0.tgz",
      "integrity": "sha512-exPBkd+z+wM1BuMkx/Bjv43OeLBxhL5kKWsz/9JY+DXcXdiBjiAch0V49QR3oAJqCaL5qURE0vx9Eo+G5YE7mA==",
      "license": "Apache-2.0",
      "dependencies": {
        "tesseract.js-core": "^7.0.0"
      }
    },
    "node_modules/tesseract.js-core": {
      "version": "7.0.0",
      "resolved": "https://registry.npmjs.org/tesseract.js-core/-/tesseract.js-core-7.0.0.tgz",
      "integrity": "sha512-WnNH518NzmbSq9zgTPeoF8c+xmilS8rFIl1YKbk/ptuuc7p6cLNELNuPAzcmsYw450ca6bLa8j3t0VAtq435Vw==",
      "license": "Apache-2.0"
    }
  },
  "x-cua-node-resolution": {
    "status": "release-ready",
    "blockers_file": "../runtime-lock.json",
    "native_blockers_file": "../native-assets.lock.json",
    "note": "This graph pins the immutable release inputs; native and first-party file inputs are assembled by the offline producer and verified against runtime-lock.json and native-assets.lock.json."
  }
}
